
Microsoft Visual Studio Solution File, Format Version 12.00
# Visual Studio 2015
Project("{FAE04EC0-301F-11D3-BF4B-00C04F79EFBC}") = "MyAPP", "MyAPP.csproj", "{CDCE1D26-E823-6D1C-CB09-FE68C280FBEA}"
EndProject
Global
	GlobalSection(SolutionConfigurationPlatforms) = preSolution
		Debug|Any CPU = Debug|Any CPU
		Release|Any CPU = Release|Any CPU
	EndGlobalSection
	GlobalSection(ProjectConfigurationPlatforms) = postSolution
		{CDCE1D26-E823-6D1C-CB09-FE68C280FBEA}.Debug|Any CPU.ActiveCfg = Debug|Any CPU
		{CDCE1D26-E823-6D1C-CB09-FE68C280FBEA}.Debug|Any CPU.Build.0 = Debug|Any CPU
		{CDCE1D26-E823-6D1C-CB09-FE68C280FBEA}.Release|Any CPU.ActiveCfg = Release|Any CPU
		{CDCE1D26-E823-6D1C-CB09-FE68C280FBEA}.Release|Any CPU.Build.0 = Release|Any CPU
	EndGlobalSection
	GlobalSection(SolutionProperties) = preSolution
		HideSolutionNode = FALSE
	EndGlobalSection
EndGlobal
